
Microsoft Visual Studio Solution File, Format Version 12.00
# Visual Studio Version 17
VisualStudioVersion = 17.4.33213.308
MinimumVisualStudioVersion = 10.0.40219.1
Project("{FAE04EC0-301F-11D3-BF4B-00C04F79EFBC}") = "tienda", "tienda.csproj", "{7D73933F-F278-476C-BFC3-E551C849CB3F}"
EndProject
Global
	GlobalSection(SolutionConfigurationPlatforms) = preSolution
		Debug|Any CPU = Debug|Any CPU
		Release|Any CPU = Release|Any CPU
	EndGlobalSection
	GlobalSection(ProjectConfigurationPlatforms) = postSolution
		{7D73933F-F278-476C-BFC3-E551C849CB3F}.Debug|Any CPU.ActiveCfg = Debug|Any CPU
		{7D73933F-F278-476C-BFC3-E551C849CB3F}.Debug|Any CPU.Build.0 = Debug|Any CPU
		{7D73933F-F278-476C-BFC3-E551C849CB3F}.Release|Any CPU.ActiveCfg = Release|Any CPU
		{7D73933F-F278-476C-BFC3-E551C849CB3F}.Release|Any CPU.Build.0 = Release|Any CPU
	EndGlobalSection
	GlobalSection(SolutionProperties) = preSolution
		HideSolutionNode = FALSE
	EndGlobalSection
	GlobalSection(ExtensibilityGlobals) = postSolution
		SolutionGuid = {621ECD4D-D944-4423-BB0C-217E6D8C4B3C}
	EndGlobalSection
EndGlobal
